
Microsoft Visual Studio Solution File, Format Version 12.00
# Visual Studio Version 17
VisualStudioVersion = 17.9.34622.214
MinimumVisualStudioVersion = 10.0.40219.1
Project("{FAE04EC0-301F-11D3-BF4B-00C04F79EFBC}") = "DemoSocket", "DemoSocket\DemoSocket.csproj", "{B6AF5A34-0563-4167-A029-649D84277519}"
EndProject
Global
	GlobalSection(SolutionConfigurationPlatforms) = preSolution
		Debug|Any CPU = Debug|Any CPU
		Release|Any CPU = Release|Any CPU
	EndGlobalSection
	GlobalSection(ProjectConfigurationPlatforms) = postSolution
		{B6AF5A34-0563-4167-A029-649D84277519}.Debug|Any CPU.ActiveCfg = Debug|Any CPU
		{B6AF5A34-0563-4167-A029-649D84277519}.Debug|Any CPU.Build.0 = Debug|Any CPU
		{B6AF5A34-0563-4167-A029-649D84277519}.Release|Any CPU.ActiveCfg = Release|Any CPU
		{B6AF5A34-0563-4167-A029-649D84277519}.Release|Any CPU.Build.0 = Release|Any CPU
	EndGlobalSection
	GlobalSection(SolutionProperties) = preSolution
		HideSolutionNode = FALSE
	EndGlobalSection
	GlobalSection(ExtensibilityGlobals) = postSolution
		SolutionGuid = {E851A245-D3BB-4B7C-8C5D-DD5C9831E97E}
	EndGlobalSection
EndGlobal
